
Microsoft Visual Studio Solution File, Format Version 12.00
# Visual Studio Version 16
VisualStudioVersion = 16.0.30128.74
MinimumVisualStudioVersion = 10.0.40219.1
Project("{FAE04EC0-301F-11D3-BF4B-00C04F79EFBC}") = "AwsomeShop.WebApp", "AwsomeShop.WebApp\AwsomeShop.WebApp.csproj", "{0D38176A-358C-4F14-8270-F0122CA1A380}"
EndProject
Project("{FAE04EC0-301F-11D3-BF4B-00C04F79EFBC}") = "AwsomeShop.AzureFunctions", "AwsomeShop.AzureFunctions\AwsomeShop.AzureFunctions.csproj", "{8FBA33FD-DF2F-4058-BA93-3C673815D916}"
EndProject
Project("{FAE04EC0-301F-11D3-BF4B-00C04F79EFBC}") = "AwsomeShop.AzureQueueLibrary", "AwsomeShop.AzureQueueLibrary\AwsomeShop.AzureQueueLibrary.csproj", "{90084646-7156-4EB0-9913-1DD8BD9F883F}"
EndProject
Global
	GlobalSection(SolutionConfigurationPlatforms) = preSolution
		Debug|Any CPU = Debug|Any CPU
		Release|Any CPU = Release|Any CPU
	EndGlobalSection
	GlobalSection(ProjectConfigurationPlatforms) = postSolution
		{0D38176A-358C-4F14-8270-F0122CA1A380}.Debug|Any CPU.ActiveCfg = Debug|Any CPU
		{0D38176A-358C-4F14-8270-F0122CA1A380}.Debug|Any CPU.Build.0 = Debug|Any CPU
		{0D38176A-358C-4F14-8270-F0122CA1A380}.Release|Any CPU.ActiveCfg = Release|Any CPU
		{0D38176A-358C-4F14-8270-F0122CA1A380}.Release|Any CPU.Build.0 = Release|Any CPU
		{8FBA33FD-DF2F-4058-BA93-3C673815D916}.Debug|Any CPU.ActiveCfg = Debug|Any CPU
		{8FBA33FD-DF2F-4058-BA93-3C673815D916}.Debug|Any CPU.Build.0 = Debug|Any CPU
		{8FBA33FD-DF2F-4058-BA93-3C673815D916}.Release|Any CPU.ActiveCfg = Release|Any CPU
		{8FBA33FD-DF2F-4058-BA93-3C673815D916}.Release|Any CPU.Build.0 = Release|Any CPU
		{90084646-7156-4EB0-9913-1DD8BD9F883F}.Debug|Any CPU.ActiveCfg = Debug|Any CPU
		{90084646-7156-4EB0-9913-1DD8BD9F883F}.Debug|Any CPU.Build.0 = Debug|Any CPU
		{90084646-7156-4EB0-9913-1DD8BD9F883F}.Release|Any CPU.ActiveCfg = Release|Any CPU
		{90084646-7156-4EB0-9913-1DD8BD9F883F}.Release|Any CPU.Build.0 = Release|Any CPU
	EndGlobalSection
	GlobalSection(SolutionProperties) = preSolution
		HideSolutionNode = FALSE
	EndGlobalSection
	GlobalSection(ExtensibilityGlobals) = postSolution
		SolutionGuid = {B906A532-C416-48D7-901B-B30A434D997D}
	EndGlobalSection
EndGlobal
